
Microsoft Visual Studio Solution File, Format Version 12.00
# Visual Studio 14
VisualStudioVersion = 14.0.25420.1
MinimumVisualStudioVersion = 10.0.40219.1
Project("{FAE04EC0-301F-11D3-BF4B-00C04F79EFBC}") = "Task1", "Task1\Task1.csproj", "{378678D1-38DA-42E6-AE76-C6360FAF2680}"
EndProject
Project("{FAE04EC0-301F-11D3-BF4B-00C04F79EFBC}") = "Task2", "Task2\Task2.csproj", "{30E60663-9EED-4074-B6D2-F378A961C1B9}"
EndProject
Project("{FAE04EC0-301F-11D3-BF4B-00C04F79EFBC}") = "Task3", "Task3\Task3.csproj", "{646C19D4-4363-4CB5-A6CC-DC141A06854B}"
EndProject
Global
	GlobalSection(SolutionConfigurationPlatforms) = preSolution
		Debug|Any CPU = Debug|Any CPU
		Release|Any CPU = Release|Any CPU
	EndGlobalSection
	GlobalSection(ProjectConfigurationPlatforms) = postSolution
		{378678D1-38DA-42E6-AE76-C6360FAF2680}.Debug|Any CPU.ActiveCfg = Debug|Any CPU
		{378678D1-38DA-42E6-AE76-C6360FAF2680}.Debug|Any CPU.Build.0 = Debug|Any CPU
		{378678D1-38DA-42E6-AE76-C6360FAF2680}.Release|Any CPU.ActiveCfg = Release|Any CPU
		{378678D1-38DA-42E6-AE76-C6360FAF2680}.Release|Any CPU.Build.0 = Release|Any CPU
		{30E60663-9EED-4074-B6D2-F378A961C1B9}.Debug|Any CPU.ActiveCfg = Debug|Any CPU
		{30E60663-9EED-4074-B6D2-F378A961C1B9}.Debug|Any CPU.Build.0 = Debug|Any CPU
		{30E60663-9EED-4074-B6D2-F378A961C1B9}.Release|Any CPU.ActiveCfg = Release|Any CPU
		{30E60663-9EED-4074-B6D2-F378A961C1B9}.Release|Any CPU.Build.0 = Release|Any CPU
		{646C19D4-4363-4CB5-A6CC-DC141A06854B}.Debug|Any CPU.ActiveCfg = Debug|Any CPU
		{646C19D4-4363-4CB5-A6CC-DC141A06854B}.Debug|Any CPU.Build.0 = Debug|Any CPU
		{646C19D4-4363-4CB5-A6CC-DC141A06854B}.Release|Any CPU.ActiveCfg = Release|Any CPU
		{646C19D4-4363-4CB5-A6CC-DC141A06854B}.Release|Any CPU.Build.0 = Release|Any CPU
	EndGlobalSection
	GlobalSection(SolutionProperties) = preSolution
		HideSolutionNode = FALSE
	EndGlobalSection
EndGlobal
