
Microsoft Visual Studio Solution File, Format Version 12.00
# Visual Studio 14
VisualStudioVersion = 14.0.25420.1
MinimumVisualStudioVersion = 10.0.40219.1
Project("{FAE04EC0-301F-11D3-BF4B-00C04F79EFBC}") = "Task1", "Task1\Task1.csproj", "{097B5E78-F2E9-4752-AE0E-B04DDDFF0A31}"
EndProject
Project("{FAE04EC0-301F-11D3-BF4B-00C04F79EFBC}") = "Task2", "Task2\Task2.csproj", "{E67E5D29-C6C1-45ED-910F-1D412DA409A8}"
EndProject
Project("{FAE04EC0-301F-11D3-BF4B-00C04F79EFBC}") = "Task3", "Task3\Task3.csproj", "{7B70365D-2C5D-48C1-97DA-36DA6B38B460}"
EndProject
Project("{FAE04EC0-301F-11D3-BF4B-00C04F79EFBC}") = "Task4", "Task4\Task4.csproj", "{6672A37E-0F39-40B3-B85E-C07718930BB9}"
EndProject
Project("{FAE04EC0-301F-11D3-BF4B-00C04F79EFBC}") = "Task5", "Task5\Task5.csproj", "{86B712F7-3E89-42A1-BC22-BAFB2356663F}"
EndProject
Global
	GlobalSection(SolutionConfigurationPlatforms) = preSolution
		Debug|Any CPU = Debug|Any CPU
		Release|Any CPU = Release|Any CPU
	EndGlobalSection
	GlobalSection(ProjectConfigurationPlatforms) = postSolution
		{097B5E78-F2E9-4752-AE0E-B04DDDFF0A31}.Debug|Any CPU.ActiveCfg = Debug|Any CPU
		{097B5E78-F2E9-4752-AE0E-B04DDDFF0A31}.Debug|Any CPU.Build.0 = Debug|Any CPU
		{097B5E78-F2E9-4752-AE0E-B04DDDFF0A31}.Release|Any CPU.ActiveCfg = Release|Any CPU
		{097B5E78-F2E9-4752-AE0E-B04DDDFF0A31}.Release|Any CPU.Build.0 = Release|Any CPU
		{E67E5D29-C6C1-45ED-910F-1D412DA409A8}.Debug|Any CPU.ActiveCfg = Debug|Any CPU
		{E67E5D29-C6C1-45ED-910F-1D412DA409A8}.Debug|Any CPU.Build.0 = Debug|Any CPU
		{E67E5D29-C6C1-45ED-910F-1D412DA409A8}.Release|Any CPU.ActiveCfg = Release|Any CPU
		{E67E5D29-C6C1-45ED-910F-1D412DA409A8}.Release|Any CPU.Build.0 = Release|Any CPU
		{7B70365D-2C5D-48C1-97DA-36DA6B38B460}.Debug|Any CPU.ActiveCfg = Debug|Any CPU
		{7B70365D-2C5D-48C1-97DA-36DA6B38B460}.Debug|Any CPU.Build.0 = Debug|Any CPU
		{7B70365D-2C5D-48C1-97DA-36DA6B38B460}.Release|Any CPU.ActiveCfg = Release|Any CPU
		{7B70365D-2C5D-48C1-97DA-36DA6B38B460}.Release|Any CPU.Build.0 = Release|Any CPU
		{6672A37E-0F39-40B3-B85E-C07718930BB9}.Debug|Any CPU.ActiveCfg = Debug|Any CPU
		{6672A37E-0F39-40B3-B85E-C07718930BB9}.Debug|Any CPU.Build.0 = Debug|Any CPU
		{6672A37E-0F39-40B3-B85E-C07718930BB9}.Release|Any CPU.ActiveCfg = Release|Any CPU
		{6672A37E-0F39-40B3-B85E-C07718930BB9}.Release|Any CPU.Build.0 = Release|Any CPU
		{86B712F7-3E89-42A1-BC22-BAFB2356663F}.Debug|Any CPU.ActiveCfg = Debug|Any CPU
		{86B712F7-3E89-42A1-BC22-BAFB2356663F}.Debug|Any CPU.Build.0 = Debug|Any CPU
		{86B712F7-3E89-42A1-BC22-BAFB2356663F}.Release|Any CPU.ActiveCfg = Release|Any CPU
		{86B712F7-3E89-42A1-BC22-BAFB2356663F}.Release|Any CPU.Build.0 = Release|Any CPU
	EndGlobalSection
	GlobalSection(SolutionProperties) = preSolution
		HideSolutionNode = FALSE
	EndGlobalSection
EndGlobal
